
Microsoft Visual Studio Solution File, Format Version 12.00
# Visual Studio 2013
VisualStudioVersion = 12.0.31101.0
MinimumVisualStudioVersion = 10.0.40219.1
Project("{FAE04EC0-301F-11D3-BF4B-00C04F79EFBC}") = "Domain", "Domain\Domain.csproj", "{1E966A17-9745-4D3C-8FAC-5DBF9AF09E40}"
EndProject
Project("{FAE04EC0-301F-11D3-BF4B-00C04F79EFBC}") = "Api", "Api\Api.csproj", "{887DE85B-C624-47CE-8F58-04E8364C9969}"
EndProject
Global
	GlobalSection(SolutionConfigurationPlatforms) = preSolution
		Debug|Any CPU = Debug|Any CPU
		Release|Any CPU = Release|Any CPU
	EndGlobalSection
	GlobalSection(ProjectConfigurationPlatforms) = postSolution
		{1E966A17-9745-4D3C-8FAC-5DBF9AF09E40}.Debug|Any CPU.ActiveCfg = Debug|Any CPU
		{1E966A17-9745-4D3C-8FAC-5DBF9AF09E40}.Debug|Any CPU.Build.0 = Debug|Any CPU
		{1E966A17-9745-4D3C-8FAC-5DBF9AF09E40}.Release|Any CPU.ActiveCfg = Release|Any CPU
		{1E966A17-9745-4D3C-8FAC-5DBF9AF09E40}.Release|Any CPU.Build.0 = Release|Any CPU
		{887DE85B-C624-47CE-8F58-04E8364C9969}.Debug|Any CPU.ActiveCfg = Debug|Any CPU
		{887DE85B-C624-47CE-8F58-04E8364C9969}.Debug|Any CPU.Build.0 = Debug|Any CPU
		{887DE85B-C624-47CE-8F58-04E8364C9969}.Release|Any CPU.ActiveCfg = Release|Any CPU
		{887DE85B-C624-47CE-8F58-04E8364C9969}.Release|Any CPU.Build.0 = Release|Any CPU
	EndGlobalSection
	GlobalSection(SolutionProperties) = preSolution
		HideSolutionNode = FALSE
	EndGlobalSection
EndGlobal
